
Microsoft Visual Studio Solution File, Format Version 12.00
# Visual Studio Version 16
VisualStudioVersion = 16.0.29001.49
MinimumVisualStudioVersion = 10.0.40219.1
Project("{FAE04EC0-301F-11D3-BF4B-00C04F79EFBC}") = "Herencia", "Herencia\Herencia.csproj", "{1DF95FAD-3F85-4694-BB82-8831A72F9DF3}"
EndProject
Global
	GlobalSection(SolutionConfigurationPlatforms) = preSolution
		Debug|Any CPU = Debug|Any CPU
		Release|Any CPU = Release|Any CPU
	EndGlobalSection
	GlobalSection(ProjectConfigurationPlatforms) = postSolution
		{1DF95FAD-3F85-4694-BB82-8831A72F9DF3}.Debug|Any CPU.ActiveCfg = Debug|Any CPU
		{1DF95FAD-3F85-4694-BB82-8831A72F9DF3}.Debug|Any CPU.Build.0 = Debug|Any CPU
		{1DF95FAD-3F85-4694-BB82-8831A72F9DF3}.Release|Any CPU.ActiveCfg = Release|Any CPU
		{1DF95FAD-3F85-4694-BB82-8831A72F9DF3}.Release|Any CPU.Build.0 = Release|Any CPU
	EndGlobalSection
	GlobalSection(SolutionProperties) = preSolution
		HideSolutionNode = FALSE
	EndGlobalSection
	GlobalSection(ExtensibilityGlobals) = postSolution
		SolutionGuid = {34EB239F-83F0-406D-B671-3DF9946EFCCB}
	EndGlobalSection
EndGlobal
